
Microsoft Visual Studio Solution File, Format Version 11.00
# Visual Studio 2010
# SharpDevelop 5.1
Project("{FAE04EC0-301F-11D3-BF4B-00C04F79EFBC}") = "Tugas1_PV2", "Tugas1_PV2\Tugas1_PV2.csproj", "{9A8B4920-2AD4-4F4B-BB73-A7E4735D0BEB}"
EndProject
Global
	GlobalSection(SolutionConfigurationPlatforms) = preSolution
		Debug|Any CPU = Debug|Any CPU
		Release|Any CPU = Release|Any CPU
	EndGlobalSection
	GlobalSection(ProjectConfigurationPlatforms) = postSolution
		{9A8B4920-2AD4-4F4B-BB73-A7E4735D0BEB}.Debug|Any CPU.ActiveCfg = Debug|Any CPU
		{9A8B4920-2AD4-4F4B-BB73-A7E4735D0BEB}.Debug|Any CPU.Build.0 = Debug|Any CPU
		{9A8B4920-2AD4-4F4B-BB73-A7E4735D0BEB}.Release|Any CPU.ActiveCfg = Release|Any CPU
		{9A8B4920-2AD4-4F4B-BB73-A7E4735D0BEB}.Release|Any CPU.Build.0 = Release|Any CPU
	EndGlobalSection
EndGlobal
