
Microsoft Visual Studio Solution File, Format Version 11.00
# Visual Studio 2010
# SharpDevelop 5.1
Project("{FAE04EC0-301F-11D3-BF4B-00C04F79EFBC}") = "PV2_UAS", "PV2_UAS.csproj", "{0B7AEF6E-4094-421F-8994-2CD30099DB66}"
EndProject
Global
	GlobalSection(SolutionConfigurationPlatforms) = preSolution
		Debug|Any CPU = Debug|Any CPU
		Release|Any CPU = Release|Any CPU
	EndGlobalSection
	GlobalSection(ProjectConfigurationPlatforms) = postSolution
		{0B7AEF6E-4094-421F-8994-2CD30099DB66}.Debug|Any CPU.ActiveCfg = Debug|Any CPU
		{0B7AEF6E-4094-421F-8994-2CD30099DB66}.Debug|Any CPU.Build.0 = Debug|Any CPU
		{0B7AEF6E-4094-421F-8994-2CD30099DB66}.Release|Any CPU.ActiveCfg = Release|Any CPU
		{0B7AEF6E-4094-421F-8994-2CD30099DB66}.Release|Any CPU.Build.0 = Release|Any CPU
	EndGlobalSection
EndGlobal
